
Microsoft Visual Studio Solution File, Format Version 12.00
# Visual Studio Version 17
VisualStudioVersion = 17.3.32922.545
MinimumVisualStudioVersion = 10.0.40219.1
Project("{FAE04EC0-301F-11D3-BF4B-00C04F79EFBC}") = "EAST COAST RAIL", "EAST COAST RAIL.csproj", "{A7EE9A4C-546A-418E-AE38-16E383BBA22C}"
EndProject
Global
	GlobalSection(SolutionConfigurationPlatforms) = preSolution
		Debug|Any CPU = Debug|Any CPU
		Release|Any CPU = Release|Any CPU
	EndGlobalSection
	GlobalSection(ProjectConfigurationPlatforms) = postSolution
		{A7EE9A4C-546A-418E-AE38-16E383BBA22C}.Debug|Any CPU.ActiveCfg = Debug|Any CPU
		{A7EE9A4C-546A-418E-AE38-16E383BBA22C}.Debug|Any CPU.Build.0 = Debug|Any CPU
		{A7EE9A4C-546A-418E-AE38-16E383BBA22C}.Release|Any CPU.ActiveCfg = Release|Any CPU
		{A7EE9A4C-546A-418E-AE38-16E383BBA22C}.Release|Any CPU.Build.0 = Release|Any CPU
	EndGlobalSection
	GlobalSection(SolutionProperties) = preSolution
		HideSolutionNode = FALSE
	EndGlobalSection
	GlobalSection(ExtensibilityGlobals) = postSolution
		SolutionGuid = {0BA65303-8B80-4870-8F74-22011BBB0359}
	EndGlobalSection
EndGlobal
